
Microsoft Visual Studio Solution File, Format Version 12.00
# Visual Studio Version 17
VisualStudioVersion = 17.7.34024.191
MinimumVisualStudioVersion = 10.0.40219.1
Project("{F184B08F-C81C-45F6-A57F-5ABD9991F28F}") = "troller", "troller.vbproj", "{F88B96F6-C2D3-4EF9-B8F7-6D210CA4996A}"
EndProject
Global
	GlobalSection(SolutionConfigurationPlatforms) = preSolution
		Debug|Any CPU = Debug|Any CPU
		Release|Any CPU = Release|Any CPU
	EndGlobalSection
	GlobalSection(ProjectConfigurationPlatforms) = postSolution
		{F88B96F6-C2D3-4EF9-B8F7-6D210CA4996A}.Debug|Any CPU.ActiveCfg = Debug|Any CPU
		{F88B96F6-C2D3-4EF9-B8F7-6D210CA4996A}.Debug|Any CPU.Build.0 = Debug|Any CPU
		{F88B96F6-C2D3-4EF9-B8F7-6D210CA4996A}.Release|Any CPU.ActiveCfg = Release|Any CPU
		{F88B96F6-C2D3-4EF9-B8F7-6D210CA4996A}.Release|Any CPU.Build.0 = Release|Any CPU
	EndGlobalSection
	GlobalSection(SolutionProperties) = preSolution
		HideSolutionNode = FALSE
	EndGlobalSection
	GlobalSection(ExtensibilityGlobals) = postSolution
		SolutionGuid = {EDA2ADCF-9D72-477A-AA56-3EF1DF0F5D41}
	EndGlobalSection
EndGlobal
